{
	"name": "squareroot.js",
	"version": "3.0.0",
	"lockfileVersion": 1,
	"requires": true,
	"dependencies": {
		"@babel/parser": {
			"version": "7.19.6",
			"resolved": "https://registry.npmjs.org/@babel/parser/-/parser-7.19.6.tgz",
			"integrity": "sha512-h1IUp81s2JYJ3mRkdxJgs4UvmSsRvDrx5ICSJbPvtWYv5i1nTBGcBpnog+89rAFMwvvru6E5NUHdBe01UeSzYA==",
			"dev": true
		},
		"@types/linkify-it": {
			"version": "3.0.2",
			"resolved": "https://registry.npmjs.org/@types/linkify-it/-/linkify-it-3.0.2.tgz",
			"integrity": "sha512-HZQYqbiFVWufzCwexrvh694SOim8z2d+xJl5UNamcvQFejLY/2YUtzXHYi3cHdI7PMlS8ejH2slRAOJQ32aNbA==",
			"dev": true
		},
		"@types/markdown-it": {
			"version": "12.2.3",
			"resolved": "https://registry.npmjs.org/@types/markdown-it/-/markdown-it-12.2.3.tgz",
			"integrity": "sha512-GKMHFfv3458yYy+v/N8gjufHO6MSZKCOXpZc5GXIWWy8uldwfmPn98vp81gZ5f9SVw8YYBctgfJ22a2d7AOMeQ==",
			"dev": true,
			"requires": {
				"@types/linkify-it": "*",
				"@types/mdurl": "*"
			}
		},
		"@types/mdurl": {
			"version": "1.0.2",
			"resolved": "https://registry.npmjs.org/@types/mdurl/-/mdurl-1.0.2.tgz",
			"integrity": "sha512-eC4U9MlIcu2q0KQmXszyn5Akca/0jrQmwDRgpAMJai7qBWq4amIQhZyNau4VYGtCeALvW1/NtjzJJ567aZxfKA==",
			"dev": true
		},
		"anymatch": {
			"version": "3.1.2",
			"resolved": "https://registry.npmjs.org/anymatch/-/anymatch-3.1.2.tgz",
			"integrity": "sha512-P43ePfOAIupkguHUycrc4qJ9kz8ZiuOUijaETwX7THt0Y/GNK7v0aa8rY816xWjZ7rJdA5XdMcpVFTKMq+RvWg==",
			"dev": true,
			"requires": {
				"normalize-path": "^3.0.0",
				"picomatch": "^2.0.4"
			}
		},
		"argparse": {
			"version": "2.0.1",
			"resolved": "https://registry.npmjs.org/argparse/-/argparse-2.0.1.tgz",
			"integrity": "sha512-8+9WqebbFzpX9OR+Wa6O29asIogeRMzcGtAINdpMHHyAg10f05aSFVBbcEqGf/PXw1EjAZ+q2/bEBg3DvurK3Q==",
			"dev": true
		},
		"binary-extensions": {
			"version": "2.0.0",
			"resolved": "https://registry.npmjs.org/binary-extensions/-/binary-extensions-2.0.0.tgz",
			"integrity": "sha512-Phlt0plgpIIBOGTT/ehfFnbNlfsDEiqmzE2KRXoX1bLIlir4X/MR+zSyBEkL05ffWgnRSf/DXv+WrUAVr93/ow==",
			"dev": true
		},
		"bluebird": {
			"version": "3.7.2",
			"resolved": "https://registry.npmjs.org/bluebird/-/bluebird-3.7.2.tgz",
			"integrity": "sha512-XpNj6GDQzdfW+r2Wnn7xiSAd7TM3jzkxGXBGTtWKuSXv1xUV+azxAm8jdWZN06QTQk+2N2XB9jRDkvbmQmcRtg==",
			"dev": true
		},
		"braces": {
			"version": "3.0.2",
			"resolved": "https://registry.npmjs.org/braces/-/braces-3.0.2.tgz",
			"integrity": "sha512-b8um+L1RzM3WDSzvhm6gIz1yfTbBt6YTlcEKAvsmqCZZFw46z626lVj9j1yEPW33H5H+lBQpZMP1k8l+78Ha0A==",
			"dev": true,
			"requires": {
				"fill-range": "^7.0.1"
			}
		},
		"catharsis": {
			"version": "0.9.0",
			"resolved": "https://registry.npmjs.org/catharsis/-/catharsis-0.9.0.tgz",
			"integrity": "sha512-prMTQVpcns/tzFgFVkVp6ak6RykZyWb3gu8ckUpd6YkTlacOd3DXGJjIpD4Q6zJirizvaiAjSSHlOsA+6sNh2A==",
			"dev": true,
			"requires": {
				"lodash": "^4.17.15"
			}
		},
		"chokidar": {
			"version": "3.5.3",
			"resolved": "https://registry.npmjs.org/chokidar/-/chokidar-3.5.3.tgz",
			"integrity": "sha512-Dr3sfKRP6oTcjf2JmUmFJfeVMvXBdegxB0iVQ5eb2V10uFJUCAS8OByZdVAyVb8xXNz3GjjTgj9kLWsZTqE6kw==",
			"dev": true,
			"requires": {
				"anymatch": "~3.1.2",
				"braces": "~3.0.2",
				"fsevents": "~2.3.2",
				"glob-parent": "~5.1.2",
				"is-binary-path": "~2.1.0",
				"is-glob": "~4.0.1",
				"normalize-path": "~3.0.0",
				"readdirp": "~3.6.0"
			}
		},
		"copy-anything": {
			"version": "2.0.6",
			"resolved": "https://registry.npmjs.org/copy-anything/-/copy-anything-2.0.6.tgz",
			"integrity": "sha512-1j20GZTsvKNkc4BY3NpMOM8tt///wY3FpIzozTOFO2ffuZcV61nojHXVKIy3WM+7ADCy5FVhdZYHYDdgTU0yJw==",
			"dev": true,
			"requires": {
				"is-what": "^3.14.1"
			}
		},
		"entities": {
			"version": "2.1.0",
			"resolved": "https://registry.npmjs.org/entities/-/entities-2.1.0.tgz",
			"integrity": "sha512-hCx1oky9PFrJ611mf0ifBLBRW8lUUVRlFolb5gWRfIELabBlbp9xZvrqZLZAs+NxFnbfQoeGd8wDkygjg7U85w==",
			"dev": true
		},
		"errno": {
			"version": "0.1.8",
			"resolved": "https://registry.npmjs.org/errno/-/errno-0.1.8.tgz",
			"integrity": "sha512-dJ6oBr5SQ1VSd9qkk7ByRgb/1SH4JZjCHSW/mr63/QcXO9zLVxvJ6Oy13nio03rxpSnVDDjFor75SjVeZWPW/A==",
			"dev": true,
			"optional": true,
			"requires": {
				"prr": "~1.0.1"
			}
		},
		"escape-string-regexp": {
			"version": "2.0.0",
			"resolved": "https://registry.npmjs.org/escape-string-regexp/-/escape-string-regexp-2.0.0.tgz",
			"integrity": "sha512-UpzcLCXolUWcNu5HtVMHYdXJjArjsF9C0aNnquZYY4uW/Vu0miy5YoWvbV345HauVvcAUnpRuhMMcqTcGOY2+w==",
			"dev": true
		},
		"fill-range": {
			"version": "7.0.1",
			"resolved": "https://registry.npmjs.org/fill-range/-/fill-range-7.0.1.tgz",
			"integrity": "sha512-qOo9F+dMUmC2Lcb4BbVvnKJxTPjCm+RRpe4gDuGrzkL7mEVl/djYSu2OdQ2Pa302N4oqkSg9ir6jaLWJ2USVpQ==",
			"dev": true,
			"requires": {
				"to-regex-range": "^5.0.1"
			}
		},
		"fsevents": {
			"version": "2.3.2",
			"resolved": "https://registry.npmjs.org/fsevents/-/fsevents-2.3.2.tgz",
			"integrity": "sha512-xiqMQR4xAeHTuB9uWm+fFRcIOgKBMiOBP+eXiyT7jsgVCq1bkVygt00oASowB7EdtpOHaaPgKt812P9ab+DDKA==",
			"dev": true,
			"optional": true
		},
		"glob-parent": {
			"version": "5.1.2",
			"resolved": "https://registry.npmjs.org/glob-parent/-/glob-parent-5.1.2.tgz",
			"integrity": "sha512-AOIgSQCepiJYwP3ARnGx+5VnTu2HBYdzbGP45eLw1vr3zB3vZLeyed1sC9hnbcOc9/SrMyM5RPQrkGz4aS9Zow==",
			"dev": true,
			"requires": {
				"is-glob": "^4.0.1"
			}
		},
		"graceful-fs": {
			"version": "4.2.10",
			"resolved": "https://registry.npmjs.org/graceful-fs/-/graceful-fs-4.2.10.tgz",
			"integrity": "sha512-9ByhssR2fPVsNZj478qUUbKfmL0+t5BDVyjShtyZZLiK7ZDAArFFfopyOTj0M05wE2tJPisA4iTnnXl2YoPvOA==",
			"dev": true
		},
		"image-size": {
			"version": "0.5.5",
			"resolved": "https://registry.npmjs.org/image-size/-/image-size-0.5.5.tgz",
			"integrity": "sha512-6TDAlDPZxUFCv+fuOkIoXT/V/f3Qbq8e37p+YOiYrUv3v9cc3/6x78VdfPgFVaB9dZYeLUfKgHRebpkm/oP2VQ==",
			"dev": true,
			"optional": true
		},
		"is-binary-path": {
			"version": "2.1.0",
			"resolved": "https://registry.npmjs.org/is-binary-path/-/is-binary-path-2.1.0.tgz",
			"integrity": "sha512-ZMERYes6pDydyuGidse7OsHxtbI7WVeUEozgR/g7rd0xUimYNlvZRE/K2MgZTjWy725IfelLeVcEM97mmtRGXw==",
			"dev": true,
			"requires": {
				"binary-extensions": "^2.0.0"
			}
		},
		"is-extglob": {
			"version": "2.1.1",
			"resolved": "https://registry.npmjs.org/is-extglob/-/is-extglob-2.1.1.tgz",
			"integrity": "sha1-qIwCU1eR8C7TfHahueqXc8gz+MI=",
			"dev": true
		},
		"is-glob": {
			"version": "4.0.1",
			"resolved": "https://registry.npmjs.org/is-glob/-/is-glob-4.0.1.tgz",
			"integrity": "sha512-5G0tKtBTFImOqDnLB2hG6Bp2qcKEFduo4tZu9MT/H6NQv/ghhy30o55ufafxJ/LdH79LLs2Kfrn85TLKyA7BUg==",
			"dev": true,
			"requires": {
				"is-extglob": "^2.1.1"
			}
		},
		"is-number": {
			"version": "7.0.0",
			"resolved": "https://registry.npmjs.org/is-number/-/is-number-7.0.0.tgz",
			"integrity": "sha512-41Cifkg6e8TylSpdtTpeLVMqvSBEVzTttHvERD741+pnZ8ANv0004MRL43QKPDlK9cGvNp6NZWZUBlbGXYxxng==",
			"dev": true
		},
		"is-what": {
			"version": "3.14.1",
			"resolved": "https://registry.npmjs.org/is-what/-/is-what-3.14.1.tgz",
			"integrity": "sha512-sNxgpk9793nzSs7bA6JQJGeIuRBQhAaNGG77kzYQgMkrID+lS6SlK07K5LaptscDlSaIgH+GPFzf+d75FVxozA==",
			"dev": true
		},
		"js2xmlparser": {
			"version": "4.0.2",
			"resolved": "https://registry.npmjs.org/js2xmlparser/-/js2xmlparser-4.0.2.tgz",
			"integrity": "sha512-6n4D8gLlLf1n5mNLQPRfViYzu9RATblzPEtm1SthMX1Pjao0r9YI9nw7ZIfRxQMERS87mcswrg+r/OYrPRX6jA==",
			"dev": true,
			"requires": {
				"xmlcreate": "^2.0.4"
			}
		},
		"jsdoc": {
			"version": "3.6.11",
			"resolved": "https://registry.npmjs.org/jsdoc/-/jsdoc-3.6.11.tgz",
			"integrity": "sha512-8UCU0TYeIYD9KeLzEcAu2q8N/mx9O3phAGl32nmHlE0LpaJL71mMkP4d+QE5zWfNt50qheHtOZ0qoxVrsX5TUg==",
			"dev": true,
			"requires": {
				"@babel/parser": "^7.9.4",
				"@types/markdown-it": "^12.2.3",
				"bluebird": "^3.7.2",
				"catharsis": "^0.9.0",
				"escape-string-regexp": "^2.0.0",
				"js2xmlparser": "^4.0.2",
				"klaw": "^3.0.0",
				"markdown-it": "^12.3.2",
				"markdown-it-anchor": "^8.4.1",
				"marked": "^4.0.10",
				"mkdirp": "^1.0.4",
				"requizzle": "^0.2.3",
				"strip-json-comments": "^3.1.0",
				"taffydb": "2.6.2",
				"underscore": "~1.13.2"
			},
			"dependencies": {
				"mkdirp": {
					"version": "1.0.4",
					"resolved": "https://registry.npmjs.org/mkdirp/-/mkdirp-1.0.4.tgz",
					"integrity": "sha512-vVqVZQyf3WLx2Shd0qJ9xuvqgAyKPLAiqITEtqW0oIUjzo3PePDd6fW9iFz30ef7Ysp/oiWqbhszeGWW2T6Gzw==",
					"dev": true
				}
			}
		},
		"klaw": {
			"version": "3.0.0",
			"resolved": "https://registry.npmjs.org/klaw/-/klaw-3.0.0.tgz",
			"integrity": "sha512-0Fo5oir+O9jnXu5EefYbVK+mHMBeEVEy2cmctR1O1NECcCkPRreJKrS6Qt/j3KC2C148Dfo9i3pCmCMsdqGr0g==",
			"dev": true,
			"requires": {
				"graceful-fs": "^4.1.9"
			}
		},
		"less": {
			"version": "3.13.1",
			"resolved": "https://registry.npmjs.org/less/-/less-3.13.1.tgz",
			"integrity": "sha512-SwA1aQXGUvp+P5XdZslUOhhLnClSLIjWvJhmd+Vgib5BFIr9lMNlQwmwUNOjXThF/A0x+MCYYPeWEfeWiLRnTw==",
			"dev": true,
			"requires": {
				"copy-anything": "^2.0.1",
				"errno": "^0.1.1",
				"graceful-fs": "^4.1.2",
				"image-size": "~0.5.0",
				"make-dir": "^2.1.0",
				"mime": "^1.4.1",
				"native-request": "^1.0.5",
				"source-map": "~0.6.0",
				"tslib": "^1.10.0"
			}
		},
		"linkify-it": {
			"version": "3.0.3",
			"resolved": "https://registry.npmjs.org/linkify-it/-/linkify-it-3.0.3.tgz",
			"integrity": "sha512-ynTsyrFSdE5oZ/O9GEf00kPngmOfVwazR5GKDq6EYfhlpFug3J2zybX56a2PRRpc9P+FuSoGNAwjlbDs9jJBPQ==",
			"dev": true,
			"requires": {
				"uc.micro": "^1.0.1"
			}
		},
		"livereload": {
			"version": "0.9.3",
			"resolved": "https://registry.npmjs.org/livereload/-/livereload-0.9.3.tgz",
			"integrity": "sha512-q7Z71n3i4X0R9xthAryBdNGVGAO2R5X+/xXpmKeuPMrteg+W2U8VusTKV3YiJbXZwKsOlFlHe+go6uSNjfxrZw==",
			"dev": true,
			"requires": {
				"chokidar": "^3.5.0",
				"livereload-js": "^3.3.1",
				"opts": ">= 1.2.0",
				"ws": "^7.4.3"
			},
			"dependencies": {
				"anymatch": {
					"version": "3.1.2",
					"resolved": "https://registry.npmjs.org/anymatch/-/anymatch-3.1.2.tgz",
					"integrity": "sha512-P43ePfOAIupkguHUycrc4qJ9kz8ZiuOUijaETwX7THt0Y/GNK7v0aa8rY816xWjZ7rJdA5XdMcpVFTKMq+RvWg==",
					"dev": true,
					"requires": {
						"normalize-path": "^3.0.0",
						"picomatch": "^2.0.4"
					}
				},
				"chokidar": {
					"version": "3.5.3",
					"resolved": "https://registry.npmjs.org/chokidar/-/chokidar-3.5.3.tgz",
					"integrity": "sha512-Dr3sfKRP6oTcjf2JmUmFJfeVMvXBdegxB0iVQ5eb2V10uFJUCAS8OByZdVAyVb8xXNz3GjjTgj9kLWsZTqE6kw==",
					"dev": true,
					"requires": {
						"anymatch": "~3.1.2",
						"braces": "~3.0.2",
						"fsevents": "~2.3.2",
						"glob-parent": "~5.1.2",
						"is-binary-path": "~2.1.0",
						"is-glob": "~4.0.1",
						"normalize-path": "~3.0.0",
						"readdirp": "~3.6.0"
					}
				},
				"fsevents": {
					"version": "2.3.2",
					"resolved": "https://registry.npmjs.org/fsevents/-/fsevents-2.3.2.tgz",
					"integrity": "sha512-xiqMQR4xAeHTuB9uWm+fFRcIOgKBMiOBP+eXiyT7jsgVCq1bkVygt00oASowB7EdtpOHaaPgKt812P9ab+DDKA==",
					"dev": true,
					"optional": true
				},
				"glob-parent": {
					"version": "5.1.2",
					"resolved": "https://registry.npmjs.org/glob-parent/-/glob-parent-5.1.2.tgz",
					"integrity": "sha512-AOIgSQCepiJYwP3ARnGx+5VnTu2HBYdzbGP45eLw1vr3zB3vZLeyed1sC9hnbcOc9/SrMyM5RPQrkGz4aS9Zow==",
					"dev": true,
					"requires": {
						"is-glob": "^4.0.1"
					}
				},
				"readdirp": {
					"version": "3.6.0",
					"resolved": "https://registry.npmjs.org/readdirp/-/readdirp-3.6.0.tgz",
					"integrity": "sha512-hOS089on8RduqdbhvQ5Z37A0ESjsqz6qnRcffsMU3495FuTdqSm+7bhJ29JvIOsBDEEnan5DPu9t3To9VRlMzA==",
					"dev": true,
					"requires": {
						"picomatch": "^2.2.1"
					},
					"dependencies": {
						"picomatch": {
							"version": "2.3.1",
							"resolved": "https://registry.npmjs.org/picomatch/-/picomatch-2.3.1.tgz",
							"integrity": "sha512-JU3teHTNjmE2VCGFzuY8EXzCDVwEqB2a8fsIvwaStHhAWJEeVd1o1QD80CU6+ZdEXXSLbSsuLwJjkCBWqRQUVA==",
							"dev": true
						}
					}
				}
			}
		},
		"livereload-js": {
			"version": "3.4.1",
			"resolved": "https://registry.npmjs.org/livereload-js/-/livereload-js-3.4.1.tgz",
			"integrity": "sha512-5MP0uUeVCec89ZbNOT/i97Mc+q3SxXmiUGhRFOTmhrGPn//uWVQdCvcLJDy64MSBR5MidFdOR7B9viumoavy6g==",
			"dev": true
		},
		"lodash": {
			"version": "4.17.21",
			"resolved": "https://registry.npmjs.org/lodash/-/lodash-4.17.21.tgz",
			"integrity": "sha512-v2kDEe57lecTulaDIuNTPy3Ry4gLGJ6Z1O3vE1krgXZNrsQ+LFTGHVxVjcXPs17LhbZVGedAJv8XZ1tvj5FvSg==",
			"dev": true
		},
		"make-dir": {
			"version": "2.1.0",
			"resolved": "https://registry.npmjs.org/make-dir/-/make-dir-2.1.0.tgz",
			"integrity": "sha512-LS9X+dc8KLxXCb8dni79fLIIUA5VyZoyjSMCwTluaXA0o27cCK0bhXkpgw+sTXVpPy/lSO57ilRixqk0vDmtRA==",
			"dev": true,
			"optional": true,
			"requires": {
				"pify": "^4.0.1",
				"semver": "^5.6.0"
			}
		},
		"markdown-it": {
			"version": "12.3.2",
			"resolved": "https://registry.npmjs.org/markdown-it/-/markdown-it-12.3.2.tgz",
			"integrity": "sha512-TchMembfxfNVpHkbtriWltGWc+m3xszaRD0CZup7GFFhzIgQqxIfn3eGj1yZpfuflzPvfkt611B2Q/Bsk1YnGg==",
			"dev": true,
			"requires": {
				"argparse": "^2.0.1",
				"entities": "~2.1.0",
				"linkify-it": "^3.0.1",
				"mdurl": "^1.0.1",
				"uc.micro": "^1.0.5"
			}
		},
		"markdown-it-anchor": {
			"version": "8.6.5",
			"resolved": "https://registry.npmjs.org/markdown-it-anchor/-/markdown-it-anchor-8.6.5.tgz",
			"integrity": "sha512-PI1qEHHkTNWT+X6Ip9w+paonfIQ+QZP9sCeMYi47oqhH+EsW8CrJ8J7CzV19QVOj6il8ATGbK2nTECj22ZHGvQ==",
			"dev": true
		},
		"marked": {
			"version": "4.1.1",
			"resolved": "https://registry.npmjs.org/marked/-/marked-4.1.1.tgz",
			"integrity": "sha512-0cNMnTcUJPxbA6uWmCmjWz4NJRe/0Xfk2NhXCUHjew9qJzFN20krFnsUe7QynwqOwa5m1fZ4UDg0ycKFVC0ccw==",
			"dev": true
		},
		"mdurl": {
			"version": "1.0.1",
			"resolved": "https://registry.npmjs.org/mdurl/-/mdurl-1.0.1.tgz",
			"integrity": "sha512-/sKlQJCBYVY9Ers9hqzKou4H6V5UWc/M59TH2dvkt+84itfnq7uFOMLpOiOS4ujvHP4etln18fmIxA5R5fll0g==",
			"dev": true
		},
		"mime": {
			"version": "1.6.0",
			"resolved": "https://registry.npmjs.org/mime/-/mime-1.6.0.tgz",
			"integrity": "sha512-x0Vn8spI+wuJ1O6S7gnbaQg8Pxh4NNHb7KSINmEWKiPE4RKOplvijn+NkmYmmRgP68mc70j2EbeTFRsrswaQeg==",
			"dev": true,
			"optional": true
		},
		"moment": {
			"version": "2.29.4",
			"resolved": "https://registry.npmjs.org/moment/-/moment-2.29.4.tgz",
			"integrity": "sha512-5LC9SOxjSc2HF6vO2CyuTDNivEdoz2IvyJJGj6X8DJ0eFyfszE0QiEd+iXmBvUP3WHxSjFH/vIsA0EN00cgr8w==",
			"dev": true
		},
		"native-request": {
			"version": "1.1.0",
			"resolved": "https://registry.npmjs.org/native-request/-/native-request-1.1.0.tgz",
			"integrity": "sha512-uZ5rQaeRn15XmpgE0xoPL8YWqcX90VtCFglYwAgkvKM5e8fog+vePLAhHxuuv/gRkrQxIeh5U3q9sMNUrENqWw==",
			"dev": true,
			"optional": true
		},
		"normalize-path": {
			"version": "3.0.0",
			"resolved": "https://registry.npmjs.org/normalize-path/-/normalize-path-3.0.0.tgz",
			"integrity": "sha512-6eZs5Ls3WtCisHWp9S2GUy8dqkpGi4BVSz3GaqiE6ezub0512ESztXUwUB6C6IKbQkY2Pnb/mD4WYojCRwcwLA==",
			"dev": true
		},
		"opts": {
			"version": "2.0.2",
			"resolved": "https://registry.npmjs.org/opts/-/opts-2.0.2.tgz",
			"integrity": "sha512-k41FwbcLnlgnFh69f4qdUfvDQ+5vaSDnVPFI/y5XuhKRq97EnVVneO9F1ESVCdiVu4fCS2L8usX3mU331hB7pg==",
			"dev": true
		},
		"picomatch": {
			"version": "2.0.7",
			"resolved": "https://registry.npmjs.org/picomatch/-/picomatch-2.0.7.tgz",
			"integrity": "sha512-oLHIdio3tZ0qH76NybpeneBhYVj0QFTfXEFTc/B3zKQspYfYYkWYgFsmzo+4kvId/bQRcNkVeguI3y+CD22BtA==",
			"dev": true
		},
		"pify": {
			"version": "4.0.1",
			"resolved": "https://registry.npmjs.org/pify/-/pify-4.0.1.tgz",
			"integrity": "sha512-uB80kBFb/tfd68bVleG9T5GGsGPjJrLAUpR5PZIrhBnIaRTQRjqdJSsIKkOP6OAIFbj7GOrcudc5pNjZ+geV2g==",
			"dev": true,
			"optional": true
		},
		"prr": {
			"version": "1.0.1",
			"resolved": "https://registry.npmjs.org/prr/-/prr-1.0.1.tgz",
			"integrity": "sha512-yPw4Sng1gWghHQWj0B3ZggWUm4qVbPwPFcRG8KyxiU7J2OHFSoEHKS+EZ3fv5l1t9CyCiop6l/ZYeWbrgoQejw==",
			"dev": true,
			"optional": true
		},
		"readdirp": {
			"version": "3.6.0",
			"resolved": "https://registry.npmjs.org/readdirp/-/readdirp-3.6.0.tgz",
			"integrity": "sha512-hOS089on8RduqdbhvQ5Z37A0ESjsqz6qnRcffsMU3495FuTdqSm+7bhJ29JvIOsBDEEnan5DPu9t3To9VRlMzA==",
			"dev": true,
			"requires": {
				"picomatch": "^2.2.1"
			},
			"dependencies": {
				"picomatch": {
					"version": "2.3.1",
					"resolved": "https://registry.npmjs.org/picomatch/-/picomatch-2.3.1.tgz",
					"integrity": "sha512-JU3teHTNjmE2VCGFzuY8EXzCDVwEqB2a8fsIvwaStHhAWJEeVd1o1QD80CU6+ZdEXXSLbSsuLwJjkCBWqRQUVA==",
					"dev": true
				}
			}
		},
		"requizzle": {
			"version": "0.2.3",
			"resolved": "https://registry.npmjs.org/requizzle/-/requizzle-0.2.3.tgz",
			"integrity": "sha512-YanoyJjykPxGHii0fZP0uUPEXpvqfBDxWV7s6GKAiiOsiqhX6vHNyW3Qzdmqp/iq/ExbhaGbVrjB4ruEVSM4GQ==",
			"dev": true,
			"requires": {
				"lodash": "^4.17.14"
			}
		},
		"semver": {
			"version": "5.7.1",
			"resolved": "https://registry.npmjs.org/semver/-/semver-5.7.1.tgz",
			"integrity": "sha512-sauaDf/PZdVgrLTNYHRtpXa1iRiKcaebiKQ1BJdpQlWH2lCvexQdX55snPFyK7QzpudqbCI0qXFfOasHdyNDGQ==",
			"dev": true,
			"optional": true
		},
		"source-map": {
			"version": "0.6.1",
			"resolved": "https://registry.npmjs.org/source-map/-/source-map-0.6.1.tgz",
			"integrity": "sha512-UjgapumWlbMhkBgzT7Ykc5YXUT46F0iKu8SGXq0bcwP5dz/h0Plj6enJqjz1Zbq2l5WaqYnrVbwWOWMyF3F47g==",
			"dev": true,
			"optional": true
		},
		"strip-json-comments": {
			"version": "3.1.1",
			"resolved": "https://registry.npmjs.org/strip-json-comments/-/strip-json-comments-3.1.1.tgz",
			"integrity": "sha512-6fPc+R4ihwqP6N/aIv2f1gMH8lOVtWQHoqC4yK6oSDVVocumAsfCqjkXnqiYMhmMwS/mEHLp7Vehlt3ql6lEig==",
			"dev": true
		},
		"taffydb": {
			"version": "2.6.2",
			"resolved": "https://registry.npmjs.org/taffydb/-/taffydb-2.6.2.tgz",
			"integrity": "sha512-y3JaeRSplks6NYQuCOj3ZFMO3j60rTwbuKCvZxsAraGYH2epusatvZ0baZYA01WsGqJBq/Dl6vOrMUJqyMj8kA==",
			"dev": true
		},
		"to-regex-range": {
			"version": "5.0.1",
			"resolved": "https://registry.npmjs.org/to-regex-range/-/to-regex-range-5.0.1.tgz",
			"integrity": "sha512-65P7iz6X5yEr1cwcgvQxbbIw7Uk3gOy5dIdtZ4rDveLqhrdJP+Li/Hx6tyK0NEb+2GCyneCMJiGqrADCSNk8sQ==",
			"dev": true,
			"requires": {
				"is-number": "^7.0.0"
			}
		},
		"tslib": {
			"version": "1.14.1",
			"resolved": "https://registry.npmjs.org/tslib/-/tslib-1.14.1.tgz",
			"integrity": "sha512-Xni35NKzjgMrwevysHTCArtLDpPvye8zV/0E4EyYn43P7/7qvQwPh9BGkHewbMulVntbigmcT7rdX3BNo9wRJg==",
			"dev": true
		},
		"uc.micro": {
			"version": "1.0.6",
			"resolved": "https://registry.npmjs.org/uc.micro/-/uc.micro-1.0.6.tgz",
			"integrity": "sha512-8Y75pvTYkLJW2hWQHXxoqRgV7qb9B+9vFEtidML+7koHUFapnVJAZ6cKs+Qjz5Aw3aZWHMC6u0wJE3At+nSGwA==",
			"dev": true
		},
		"uglify-js": {
			"version": "3.17.3",
			"resolved": "https://registry.npmjs.org/uglify-js/-/uglify-js-3.17.3.tgz",
			"integrity": "sha512-JmMFDME3iufZnBpyKL+uS78LRiC+mK55zWfM5f/pWBJfpOttXAqYfdDGRukYhJuyRinvPVAtUhvy7rlDybNtFg==",
			"dev": true
		},
		"underscore": {
			"version": "1.13.6",
			"resolved": "https://registry.npmjs.org/underscore/-/underscore-1.13.6.tgz",
			"integrity": "sha512-+A5Sja4HP1M08MaXya7p5LvjuM7K6q/2EaC0+iovj/wOcMsTzMvDFbasi/oSapiwOlt252IqsKqPjCl7huKS0A==",
			"dev": true
		},
		"ws": {
			"version": "7.5.9",
			"resolved": "https://registry.npmjs.org/ws/-/ws-7.5.9.tgz",
			"integrity": "sha512-F+P9Jil7UiSKSkppIiD94dN07AwvFixvLIj1Og1Rl9GGMuNipJnV9JzjD6XuqmAeiswGvUmNLjr5cFuXwNS77Q==",
			"dev": true
		},
		"xmlcreate": {
			"version": "2.0.4",
			"resolved": "https://registry.npmjs.org/xmlcreate/-/xmlcreate-2.0.4.tgz",
			"integrity": "sha512-nquOebG4sngPmGPICTS5EnxqhKbCmz5Ox5hsszI2T6U5qdrJizBc+0ilYSEjTSzU0yZcmvppztXe/5Al5fUwdg==",
			"dev": true
		}
	}
}
