{
	"name": "squareroot.js",
	"version": "3.0.0",
	"lockfileVersion": 1,
	"requires": true,
	"dependencies": {
		"ajv": {
			"version": "6.12.6",
			"resolved": "https://registry.npmjs.org/ajv/-/ajv-6.12.6.tgz",
			"integrity": "sha512-j3fVLgvTo527anyYyJOGTYJbG+vnnQYvE0m5mmkc1TK+nxAppkCLMIL0aZ4dblVCNoGShhm+kzE4ZUykBoMg4g==",
			"dev": true,
			"optional": true,
			"requires": {
				"fast-deep-equal": "^3.1.1",
				"fast-json-stable-stringify": "^2.0.0",
				"json-schema-traverse": "^0.4.1",
				"uri-js": "^4.2.2"
			}
		},
		"ansi-regex": {
			"version": "2.1.1",
			"resolved": "https://registry.npmjs.org/ansi-regex/-/ansi-regex-2.1.1.tgz",
			"integrity": "sha1-w7M6te42DYbg5ijwRorn7yfWVN8=",
			"dev": true
		},
		"ansi-styles": {
			"version": "2.2.1",
			"resolved": "https://registry.npmjs.org/ansi-styles/-/ansi-styles-2.2.1.tgz",
			"integrity": "sha1-tDLdM1i2NM914eRmQ2gkBTPB3b4=",
			"dev": true
		},
		"anymatch": {
			"version": "3.1.0",
			"resolved": "https://registry.npmjs.org/anymatch/-/anymatch-3.1.0.tgz",
			"integrity": "sha512-Ozz7l4ixzI7Oxj2+cw+p0tVUt27BpaJ+1+q1TCeANWxHpvyn2+Un+YamBdfKu0uh8xLodGhoa1v7595NhKDAuA==",
			"dev": true,
			"requires": {
				"normalize-path": "^3.0.0",
				"picomatch": "^2.0.4"
			}
		},
		"asap": {
			"version": "2.0.6",
			"resolved": "https://registry.npmjs.org/asap/-/asap-2.0.6.tgz",
			"integrity": "sha512-BSHWgDSAiKs50o2Re8ppvp3seVHXSRM44cdSsT9FfNEUUZLOGWVCsiWaRPWM1Znn+mqZ1OfVZ3z3DWEzSp7hRA==",
			"dev": true,
			"optional": true
		},
		"asn1": {
			"version": "0.2.6",
			"resolved": "https://registry.npmjs.org/asn1/-/asn1-0.2.6.tgz",
			"integrity": "sha512-ix/FxPn0MDjeyJ7i/yoHGFt/EX6LyNbxSEhPPXODPL+KB0VPk86UYfL0lMdy+KCnv+fmvIzySwaK5COwqVbWTQ==",
			"dev": true,
			"optional": true,
			"requires": {
				"safer-buffer": "~2.1.0"
			}
		},
		"assert-plus": {
			"version": "1.0.0",
			"resolved": "https://registry.npmjs.org/assert-plus/-/assert-plus-1.0.0.tgz",
			"integrity": "sha512-NfJ4UzBCcQGLDlQq7nHxH+tv3kyZ0hHQqF5BO6J7tNJeP5do1llPr8dZ8zHonfhAu0PHAdMkSo+8o0wxg9lZWw==",
			"dev": true,
			"optional": true
		},
		"asynckit": {
			"version": "0.4.0",
			"resolved": "https://registry.npmjs.org/asynckit/-/asynckit-0.4.0.tgz",
			"integrity": "sha512-Oei9OH4tRh0YqU3GxhX79dM/mwVgvbZJaSNaRk+bshkj0S5cfHcgYakreBjrHwatXKbz+IoIdYLxrKim2MjW0Q==",
			"dev": true,
			"optional": true
		},
		"autoprefixer": {
			"version": "6.7.7",
			"resolved": "https://registry.npmjs.org/autoprefixer/-/autoprefixer-6.7.7.tgz",
			"integrity": "sha1-Hb0cg1ZY41zj+ZhAmdsAWFx4IBQ=",
			"dev": true,
			"requires": {
				"browserslist": "^1.7.6",
				"caniuse-db": "^1.0.30000634",
				"normalize-range": "^0.1.2",
				"num2fraction": "^1.2.2",
				"postcss": "^5.2.16",
				"postcss-value-parser": "^3.2.3"
			}
		},
		"aws-sign2": {
			"version": "0.7.0",
			"resolved": "https://registry.npmjs.org/aws-sign2/-/aws-sign2-0.7.0.tgz",
			"integrity": "sha512-08kcGqnYf/YmjoRhfxyu+CLxBjUtHLXLXX/vUfx9l2LYzG3c1m61nrpyFUZI6zeS+Li/wWMMidD9KgrqtGq3mA==",
			"dev": true,
			"optional": true
		},
		"aws4": {
			"version": "1.11.0",
			"resolved": "https://registry.npmjs.org/aws4/-/aws4-1.11.0.tgz",
			"integrity": "sha512-xh1Rl34h6Fi1DC2WWKfxUTVqRsNnr6LsKz2+hfwDxQJWmrx8+c7ylaqBMcHfl1U1r2dsifOvKX3LQuLNZ+XSvA==",
			"dev": true,
			"optional": true
		},
		"bcrypt-pbkdf": {
			"version": "1.0.2",
			"resolved": "https://registry.npmjs.org/bcrypt-pbkdf/-/bcrypt-pbkdf-1.0.2.tgz",
			"integrity": "sha512-qeFIXtP4MSoi6NLqO12WfqARWWuCKi2Rn/9hJLEmtB5yTNr9DqFWkJRCf2qShWzPeAMRnOgCrq0sg/KLv5ES9w==",
			"dev": true,
			"optional": true,
			"requires": {
				"tweetnacl": "^0.14.3"
			}
		},
		"binary-extensions": {
			"version": "2.0.0",
			"resolved": "https://registry.npmjs.org/binary-extensions/-/binary-extensions-2.0.0.tgz",
			"integrity": "sha512-Phlt0plgpIIBOGTT/ehfFnbNlfsDEiqmzE2KRXoX1bLIlir4X/MR+zSyBEkL05ffWgnRSf/DXv+WrUAVr93/ow==",
			"dev": true
		},
		"braces": {
			"version": "3.0.2",
			"resolved": "https://registry.npmjs.org/braces/-/braces-3.0.2.tgz",
			"integrity": "sha512-b8um+L1RzM3WDSzvhm6gIz1yfTbBt6YTlcEKAvsmqCZZFw46z626lVj9j1yEPW33H5H+lBQpZMP1k8l+78Ha0A==",
			"dev": true,
			"requires": {
				"fill-range": "^7.0.1"
			}
		},
		"browserslist": {
			"version": "1.7.7",
			"resolved": "https://registry.npmjs.org/browserslist/-/browserslist-1.7.7.tgz",
			"integrity": "sha1-C9dnBCWL6CmyOYu1Dkti0aFmsLk=",
			"dev": true,
			"requires": {
				"caniuse-db": "^1.0.30000639",
				"electron-to-chromium": "^1.2.7"
			}
		},
		"caniuse-db": {
			"version": "1.0.30000997",
			"resolved": "https://registry.npmjs.org/caniuse-db/-/caniuse-db-1.0.30000997.tgz",
			"integrity": "sha512-rK1Jo9VT5F/cJ333iLURdNXecYvVn3erJheoPAETrccJVw4w/557HfkNPADB5agHKjGuhJETf1l6lssvgbqA0Q==",
			"dev": true
		},
		"caseless": {
			"version": "0.12.0",
			"resolved": "https://registry.npmjs.org/caseless/-/caseless-0.12.0.tgz",
			"integrity": "sha512-4tYFyifaFfGacoiObjJegolkwSU4xQNGbVgUiNYVUxbQ2x2lUsFvY4hVgVzGiIe6WLOPqycWXA40l+PWsxthUw==",
			"dev": true,
			"optional": true
		},
		"chalk": {
			"version": "1.1.3",
			"resolved": "https://registry.npmjs.org/chalk/-/chalk-1.1.3.tgz",
			"integrity": "sha1-qBFcVeSnAv5NFQq9OHKCKn4J/Jg=",
			"dev": true,
			"requires": {
				"ansi-styles": "^2.2.1",
				"escape-string-regexp": "^1.0.2",
				"has-ansi": "^2.0.0",
				"strip-ansi": "^3.0.0",
				"supports-color": "^2.0.0"
			},
			"dependencies": {
				"escape-string-regexp": {
					"version": "1.0.5",
					"resolved": "https://registry.npmjs.org/escape-string-regexp/-/escape-string-regexp-1.0.5.tgz",
					"integrity": "sha1-G2HAViGQqN/2rjuyzwIAyhMLhtQ=",
					"dev": true
				},
				"supports-color": {
					"version": "2.0.0",
					"resolved": "https://registry.npmjs.org/supports-color/-/supports-color-2.0.0.tgz",
					"integrity": "sha1-U10EXOa2Nj+kARcIRimZXp3zJMc=",
					"dev": true
				}
			}
		},
		"chokidar": {
			"version": "3.1.1",
			"resolved": "https://registry.npmjs.org/chokidar/-/chokidar-3.1.1.tgz",
			"integrity": "sha512-df4o16uZmMHzVQwECZRHwfguOt5ixpuQVaZHjYMvYisgKhE+JXwcj/Tcr3+3bu/XeOJQ9ycYmzu7Mv8XrGxJDQ==",
			"dev": true,
			"requires": {
				"anymatch": "^3.1.0",
				"braces": "^3.0.2",
				"fsevents": "^2.0.6",
				"glob-parent": "^5.0.0",
				"is-binary-path": "^2.1.0",
				"is-glob": "^4.0.1",
				"normalize-path": "^3.0.0",
				"readdirp": "^3.1.1"
			}
		},
		"clone": {
			"version": "2.1.2",
			"resolved": "https://registry.npmjs.org/clone/-/clone-2.1.2.tgz",
			"integrity": "sha512-3Pe/CF1Nn94hyhIYpjtiLhdCoEoz0DqQ+988E9gmeEdQZlojxnOb74wctFyuwWQHzqyf9X7C7MG8juUpqBJT8w==",
			"dev": true
		},
		"combined-stream": {
			"version": "1.0.8",
			"resolved": "https://registry.npmjs.org/combined-stream/-/combined-stream-1.0.8.tgz",
			"integrity": "sha512-FQN4MRfuJeHf7cBbBMJFXhKSDq+2kAArBlmRBvcvFE5BB1HZKXtSFASDhdlz9zOYwxh8lDdnvmMOe/+5cdoEdg==",
			"dev": true,
			"optional": true,
			"requires": {
				"delayed-stream": "~1.0.0"
			}
		},
		"core-util-is": {
			"version": "1.0.2",
			"resolved": "https://registry.npmjs.org/core-util-is/-/core-util-is-1.0.2.tgz",
			"integrity": "sha512-3lqz5YjWTYnW6dlDa5TLaTCcShfar1e40rmcJVwCBJC6mWlFuj0eCHIElmG1g5kyuJ/GD+8Wn4FFCcz4gJPfaQ==",
			"dev": true,
			"optional": true
		},
		"dashdash": {
			"version": "1.14.1",
			"resolved": "https://registry.npmjs.org/dashdash/-/dashdash-1.14.1.tgz",
			"integrity": "sha512-jRFi8UDGo6j+odZiEpjazZaWqEal3w/basFjQHQEwVtZJGDpxbH1MeYluwCS8Xq5wmLJooDlMgvVarmWfGM44g==",
			"dev": true,
			"optional": true,
			"requires": {
				"assert-plus": "^1.0.0"
			}
		},
		"delayed-stream": {
			"version": "1.0.0",
			"resolved": "https://registry.npmjs.org/delayed-stream/-/delayed-stream-1.0.0.tgz",
			"integrity": "sha512-ZySD7Nf91aLB0RxL4KGrKHBXl7Eds1DAmEdcoVawXnLD7SDhpNgtuII2aAkg7a7QS41jxPSZ17p4VdGnMHk3MQ==",
			"dev": true,
			"optional": true
		},
		"ecc-jsbn": {
			"version": "0.1.2",
			"resolved": "https://registry.npmjs.org/ecc-jsbn/-/ecc-jsbn-0.1.2.tgz",
			"integrity": "sha512-eh9O+hwRHNbG4BLTjEl3nw044CkGm5X6LoaCf7LPp7UU8Qrt47JYNi6nPX8xjW97TKGKm1ouctg0QSpZe9qrnw==",
			"dev": true,
			"optional": true,
			"requires": {
				"jsbn": "~0.1.0",
				"safer-buffer": "^2.1.0"
			}
		},
		"electron-to-chromium": {
			"version": "1.3.267",
			"resolved": "https://registry.npmjs.org/electron-to-chromium/-/electron-to-chromium-1.3.267.tgz",
			"integrity": "sha512-9Q2ixAJC+oHjWNtJV0MQ4vJMCWSowIrC6V6vcr+bwPddTDHj2ddv9xxXCzf4jT/fy6HP7maPoW0gifXkRxCttQ==",
			"dev": true
		},
		"errno": {
			"version": "0.1.8",
			"resolved": "https://registry.npmjs.org/errno/-/errno-0.1.8.tgz",
			"integrity": "sha512-dJ6oBr5SQ1VSd9qkk7ByRgb/1SH4JZjCHSW/mr63/QcXO9zLVxvJ6Oy13nio03rxpSnVDDjFor75SjVeZWPW/A==",
			"dev": true,
			"optional": true,
			"requires": {
				"prr": "~1.0.1"
			}
		},
		"extend": {
			"version": "3.0.2",
			"resolved": "https://registry.npmjs.org/extend/-/extend-3.0.2.tgz",
			"integrity": "sha512-fjquC59cD7CyW6urNXK0FBufkZcoiGG80wTuPujX590cB5Ttln20E2UB4S/WARVqhXffZl2LNgS+gQdPIIim/g==",
			"dev": true,
			"optional": true
		},
		"extsprintf": {
			"version": "1.3.0",
			"resolved": "https://registry.npmjs.org/extsprintf/-/extsprintf-1.3.0.tgz",
			"integrity": "sha512-11Ndz7Nv+mvAC1j0ktTa7fAb0vLyGGX+rMHNBYQviQDGU0Hw7lhctJANqbPhu9nV9/izT/IntTgZ7Im/9LJs9g==",
			"dev": true,
			"optional": true
		},
		"fast-deep-equal": {
			"version": "3.1.3",
			"resolved": "https://registry.npmjs.org/fast-deep-equal/-/fast-deep-equal-3.1.3.tgz",
			"integrity": "sha512-f3qQ9oQy9j2AhBe/H9VC91wLmKBCCU/gDOnKNAYG5hswO7BLKj09Hc5HYNz9cGI++xlpDCIgDaitVs03ATR84Q==",
			"dev": true,
			"optional": true
		},
		"fast-json-stable-stringify": {
			"version": "2.1.0",
			"resolved": "https://registry.npmjs.org/fast-json-stable-stringify/-/fast-json-stable-stringify-2.1.0.tgz",
			"integrity": "sha512-lhd/wF+Lk98HZoTCtlVraHtfh5XYijIjalXck7saUtuanSDyLMxnHhSXEDJqHxD7msR8D0uCmqlkwjCV8xvwHw==",
			"dev": true,
			"optional": true
		},
		"fill-range": {
			"version": "7.0.1",
			"resolved": "https://registry.npmjs.org/fill-range/-/fill-range-7.0.1.tgz",
			"integrity": "sha512-qOo9F+dMUmC2Lcb4BbVvnKJxTPjCm+RRpe4gDuGrzkL7mEVl/djYSu2OdQ2Pa302N4oqkSg9ir6jaLWJ2USVpQ==",
			"dev": true,
			"requires": {
				"to-regex-range": "^5.0.1"
			}
		},
		"forever-agent": {
			"version": "0.6.1",
			"resolved": "https://registry.npmjs.org/forever-agent/-/forever-agent-0.6.1.tgz",
			"integrity": "sha512-j0KLYPhm6zeac4lz3oJ3o65qvgQCcPubiyotZrXqEaG4hNagNYO8qdlUrX5vwqv9ohqeT/Z3j6+yW067yWWdUw==",
			"dev": true,
			"optional": true
		},
		"form-data": {
			"version": "2.3.3",
			"resolved": "https://registry.npmjs.org/form-data/-/form-data-2.3.3.tgz",
			"integrity": "sha512-1lLKB2Mu3aGP1Q/2eCOx0fNbRMe7XdwktwOruhfqqd0rIJWwN4Dh+E3hrPSlDCXnSR7UtZ1N38rVXm+6+MEhJQ==",
			"dev": true,
			"optional": true,
			"requires": {
				"asynckit": "^0.4.0",
				"combined-stream": "^1.0.6",
				"mime-types": "^2.1.12"
			}
		},
		"fsevents": {
			"version": "2.0.7",
			"resolved": "https://registry.npmjs.org/fsevents/-/fsevents-2.0.7.tgz",
			"integrity": "sha512-a7YT0SV3RB+DjYcppwVDLtn13UQnmg0SWZS7ezZD0UjnLwXmy8Zm21GMVGLaFGimIqcvyMQaOJBrop8MyOp1kQ==",
			"dev": true,
			"optional": true
		},
		"getpass": {
			"version": "0.1.7",
			"resolved": "https://registry.npmjs.org/getpass/-/getpass-0.1.7.tgz",
			"integrity": "sha512-0fzj9JxOLfJ+XGLhR8ze3unN0KZCgZwiSSDz168VERjK8Wl8kVSdcu2kspd4s4wtAa1y/qrVRiAA0WclVsu0ng==",
			"dev": true,
			"optional": true,
			"requires": {
				"assert-plus": "^1.0.0"
			}
		},
		"glob-parent": {
			"version": "5.1.0",
			"resolved": "https://registry.npmjs.org/glob-parent/-/glob-parent-5.1.0.tgz",
			"integrity": "sha512-qjtRgnIVmOfnKUE3NJAQEdk+lKrxfw8t5ke7SXtfMTHcjsBfOfWXCQfdb30zfDoZQ2IRSIiidmjtbHZPZ++Ihw==",
			"dev": true,
			"requires": {
				"is-glob": "^4.0.1"
			}
		},
		"graceful-fs": {
			"version": "4.2.10",
			"resolved": "https://registry.npmjs.org/graceful-fs/-/graceful-fs-4.2.10.tgz",
			"integrity": "sha512-9ByhssR2fPVsNZj478qUUbKfmL0+t5BDVyjShtyZZLiK7ZDAArFFfopyOTj0M05wE2tJPisA4iTnnXl2YoPvOA==",
			"dev": true,
			"optional": true
		},
		"har-schema": {
			"version": "2.0.0",
			"resolved": "https://registry.npmjs.org/har-schema/-/har-schema-2.0.0.tgz",
			"integrity": "sha512-Oqluz6zhGX8cyRaTQlFMPw80bSJVG2x/cFb8ZPhUILGgHka9SsokCCOQgpveePerqidZOrT14ipqfJb7ILcW5Q==",
			"dev": true,
			"optional": true
		},
		"har-validator": {
			"version": "5.1.5",
			"resolved": "https://registry.npmjs.org/har-validator/-/har-validator-5.1.5.tgz",
			"integrity": "sha512-nmT2T0lljbxdQZfspsno9hgrG3Uir6Ks5afism62poxqBM6sDnMEuPmzTq8XN0OEwqKLLdh1jQI3qyE66Nzb3w==",
			"dev": true,
			"optional": true,
			"requires": {
				"ajv": "^6.12.3",
				"har-schema": "^2.0.0"
			}
		},
		"has-ansi": {
			"version": "2.0.0",
			"resolved": "https://registry.npmjs.org/has-ansi/-/has-ansi-2.0.0.tgz",
			"integrity": "sha1-NPUEnOHs3ysGSa8+8k5F7TVBbZE=",
			"dev": true,
			"requires": {
				"ansi-regex": "^2.0.0"
			}
		},
		"has-flag": {
			"version": "1.0.0",
			"resolved": "https://registry.npmjs.org/has-flag/-/has-flag-1.0.0.tgz",
			"integrity": "sha1-nZ55MWXOAXoA8AQYxD+UKnsdEfo=",
			"dev": true
		},
		"http-signature": {
			"version": "1.2.0",
			"resolved": "https://registry.npmjs.org/http-signature/-/http-signature-1.2.0.tgz",
			"integrity": "sha512-CAbnr6Rz4CYQkLYUtSNXxQPUH2gK8f3iWexVlsnMeD+GjlsQ0Xsy1cOX+mN3dtxYomRy21CiOzU8Uhw6OwncEQ==",
			"dev": true,
			"optional": true,
			"requires": {
				"assert-plus": "^1.0.0",
				"jsprim": "^1.2.2",
				"sshpk": "^1.7.0"
			}
		},
		"image-size": {
			"version": "0.5.5",
			"resolved": "https://registry.npmjs.org/image-size/-/image-size-0.5.5.tgz",
			"integrity": "sha512-6TDAlDPZxUFCv+fuOkIoXT/V/f3Qbq8e37p+YOiYrUv3v9cc3/6x78VdfPgFVaB9dZYeLUfKgHRebpkm/oP2VQ==",
			"dev": true,
			"optional": true
		},
		"is-binary-path": {
			"version": "2.1.0",
			"resolved": "https://registry.npmjs.org/is-binary-path/-/is-binary-path-2.1.0.tgz",
			"integrity": "sha512-ZMERYes6pDydyuGidse7OsHxtbI7WVeUEozgR/g7rd0xUimYNlvZRE/K2MgZTjWy725IfelLeVcEM97mmtRGXw==",
			"dev": true,
			"requires": {
				"binary-extensions": "^2.0.0"
			}
		},
		"is-extglob": {
			"version": "2.1.1",
			"resolved": "https://registry.npmjs.org/is-extglob/-/is-extglob-2.1.1.tgz",
			"integrity": "sha1-qIwCU1eR8C7TfHahueqXc8gz+MI=",
			"dev": true
		},
		"is-glob": {
			"version": "4.0.1",
			"resolved": "https://registry.npmjs.org/is-glob/-/is-glob-4.0.1.tgz",
			"integrity": "sha512-5G0tKtBTFImOqDnLB2hG6Bp2qcKEFduo4tZu9MT/H6NQv/ghhy30o55ufafxJ/LdH79LLs2Kfrn85TLKyA7BUg==",
			"dev": true,
			"requires": {
				"is-extglob": "^2.1.1"
			}
		},
		"is-number": {
			"version": "7.0.0",
			"resolved": "https://registry.npmjs.org/is-number/-/is-number-7.0.0.tgz",
			"integrity": "sha512-41Cifkg6e8TylSpdtTpeLVMqvSBEVzTttHvERD741+pnZ8ANv0004MRL43QKPDlK9cGvNp6NZWZUBlbGXYxxng==",
			"dev": true
		},
		"is-typedarray": {
			"version": "1.0.0",
			"resolved": "https://registry.npmjs.org/is-typedarray/-/is-typedarray-1.0.0.tgz",
			"integrity": "sha512-cyA56iCMHAh5CdzjJIa4aohJyeO1YbwLi3Jc35MmRU6poroFjIGZzUzupGiRPOjgHg9TLu43xbpwXk523fMxKA==",
			"dev": true,
			"optional": true
		},
		"isstream": {
			"version": "0.1.2",
			"resolved": "https://registry.npmjs.org/isstream/-/isstream-0.1.2.tgz",
			"integrity": "sha512-Yljz7ffyPbrLpLngrMtZ7NduUgVvi6wG9RJ9IUcyCd59YQ911PBJphODUcbOVbqYfxe1wuYf/LJ8PauMRwsM/g==",
			"dev": true,
			"optional": true
		},
		"js-base64": {
			"version": "2.5.1",
			"resolved": "https://registry.npmjs.org/js-base64/-/js-base64-2.5.1.tgz",
			"integrity": "sha512-M7kLczedRMYX4L8Mdh4MzyAMM9O5osx+4FcOQuTvr3A9F2D9S5JXheN0ewNbrvK2UatkTRhL5ejGmGSjNMiZuw==",
			"dev": true
		},
		"jsbn": {
			"version": "0.1.1",
			"resolved": "https://registry.npmjs.org/jsbn/-/jsbn-0.1.1.tgz",
			"integrity": "sha512-UVU9dibq2JcFWxQPA6KCqj5O42VOmAY3zQUfEKxU0KpTGXwNoCjkX1e13eHNvw/xPynt6pU0rZ1htjWTNTSXsg==",
			"dev": true,
			"optional": true
		},
		"json-schema": {
			"version": "0.4.0",
			"resolved": "https://registry.npmjs.org/json-schema/-/json-schema-0.4.0.tgz",
			"integrity": "sha512-es94M3nTIfsEPisRafak+HDLfHXnKBhV3vU5eqPcS3flIWqcxJWgXHXiey3YrpaNsanY5ei1VoYEbOzijuq9BA==",
			"dev": true,
			"optional": true
		},
		"json-schema-traverse": {
			"version": "0.4.1",
			"resolved": "https://registry.npmjs.org/json-schema-traverse/-/json-schema-traverse-0.4.1.tgz",
			"integrity": "sha512-xbbCH5dCYU5T8LcEhhuh7HJ88HXuW3qsI3Y0zOZFKfZEHcpWiHU/Jxzk629Brsab/mMiHQti9wMP+845RPe3Vg==",
			"dev": true,
			"optional": true
		},
		"json-stringify-safe": {
			"version": "5.0.1",
			"resolved": "https://registry.npmjs.org/json-stringify-safe/-/json-stringify-safe-5.0.1.tgz",
			"integrity": "sha512-ZClg6AaYvamvYEE82d3Iyd3vSSIjQ+odgjaTzRuO3s7toCdFKczob2i0zCh7JE8kWn17yvAWhUVxvqGwUalsRA==",
			"dev": true,
			"optional": true
		},
		"jsprim": {
			"version": "1.4.2",
			"resolved": "https://registry.npmjs.org/jsprim/-/jsprim-1.4.2.tgz",
			"integrity": "sha512-P2bSOMAc/ciLz6DzgjVlGJP9+BrJWu5UDGK70C2iweC5QBIeFf0ZXRvGjEj2uYgrY2MkAAhsSWHDWlFtEroZWw==",
			"dev": true,
			"optional": true,
			"requires": {
				"assert-plus": "1.0.0",
				"extsprintf": "1.3.0",
				"json-schema": "0.4.0",
				"verror": "1.10.0"
			}
		},
		"less": {
			"version": "3.9.0",
			"resolved": "https://registry.npmjs.org/less/-/less-3.9.0.tgz",
			"integrity": "sha512-31CmtPEZraNUtuUREYjSqRkeETFdyEHSEPAGq4erDlUXtda7pzNmctdljdIagSb589d/qXGWiiP31R5JVf+v0w==",
			"dev": true,
			"requires": {
				"clone": "^2.1.2",
				"errno": "^0.1.1",
				"graceful-fs": "^4.1.2",
				"image-size": "~0.5.0",
				"mime": "^1.4.1",
				"mkdirp": "^0.5.0",
				"promise": "^7.1.1",
				"request": "^2.83.0",
				"source-map": "~0.6.0"
			}
		},
		"less-plugin-autoprefix": {
			"version": "1.5.1",
			"resolved": "https://registry.npmjs.org/less-plugin-autoprefix/-/less-plugin-autoprefix-1.5.1.tgz",
			"integrity": "sha1-vKTlsuSMrGlloXgxQuOzLDwAzgc=",
			"dev": true,
			"requires": {
				"autoprefixer": "^6.0.0",
				"postcss": "^5.0.0"
			}
		},
		"livereload": {
			"version": "0.9.3",
			"resolved": "https://registry.npmjs.org/livereload/-/livereload-0.9.3.tgz",
			"integrity": "sha512-q7Z71n3i4X0R9xthAryBdNGVGAO2R5X+/xXpmKeuPMrteg+W2U8VusTKV3YiJbXZwKsOlFlHe+go6uSNjfxrZw==",
			"dev": true,
			"requires": {
				"chokidar": "^3.5.0",
				"livereload-js": "^3.3.1",
				"opts": ">= 1.2.0",
				"ws": "^7.4.3"
			},
			"dependencies": {
				"anymatch": {
					"version": "3.1.2",
					"resolved": "https://registry.npmjs.org/anymatch/-/anymatch-3.1.2.tgz",
					"integrity": "sha512-P43ePfOAIupkguHUycrc4qJ9kz8ZiuOUijaETwX7THt0Y/GNK7v0aa8rY816xWjZ7rJdA5XdMcpVFTKMq+RvWg==",
					"dev": true,
					"requires": {
						"normalize-path": "^3.0.0",
						"picomatch": "^2.0.4"
					}
				},
				"chokidar": {
					"version": "3.5.3",
					"resolved": "https://registry.npmjs.org/chokidar/-/chokidar-3.5.3.tgz",
					"integrity": "sha512-Dr3sfKRP6oTcjf2JmUmFJfeVMvXBdegxB0iVQ5eb2V10uFJUCAS8OByZdVAyVb8xXNz3GjjTgj9kLWsZTqE6kw==",
					"dev": true,
					"requires": {
						"anymatch": "~3.1.2",
						"braces": "~3.0.2",
						"fsevents": "~2.3.2",
						"glob-parent": "~5.1.2",
						"is-binary-path": "~2.1.0",
						"is-glob": "~4.0.1",
						"normalize-path": "~3.0.0",
						"readdirp": "~3.6.0"
					}
				},
				"fsevents": {
					"version": "2.3.2",
					"resolved": "https://registry.npmjs.org/fsevents/-/fsevents-2.3.2.tgz",
					"integrity": "sha512-xiqMQR4xAeHTuB9uWm+fFRcIOgKBMiOBP+eXiyT7jsgVCq1bkVygt00oASowB7EdtpOHaaPgKt812P9ab+DDKA==",
					"dev": true,
					"optional": true
				},
				"glob-parent": {
					"version": "5.1.2",
					"resolved": "https://registry.npmjs.org/glob-parent/-/glob-parent-5.1.2.tgz",
					"integrity": "sha512-AOIgSQCepiJYwP3ARnGx+5VnTu2HBYdzbGP45eLw1vr3zB3vZLeyed1sC9hnbcOc9/SrMyM5RPQrkGz4aS9Zow==",
					"dev": true,
					"requires": {
						"is-glob": "^4.0.1"
					}
				},
				"readdirp": {
					"version": "3.6.0",
					"resolved": "https://registry.npmjs.org/readdirp/-/readdirp-3.6.0.tgz",
					"integrity": "sha512-hOS089on8RduqdbhvQ5Z37A0ESjsqz6qnRcffsMU3495FuTdqSm+7bhJ29JvIOsBDEEnan5DPu9t3To9VRlMzA==",
					"dev": true,
					"requires": {
						"picomatch": "^2.2.1"
					},
					"dependencies": {
						"picomatch": {
							"version": "2.3.1",
							"resolved": "https://registry.npmjs.org/picomatch/-/picomatch-2.3.1.tgz",
							"integrity": "sha512-JU3teHTNjmE2VCGFzuY8EXzCDVwEqB2a8fsIvwaStHhAWJEeVd1o1QD80CU6+ZdEXXSLbSsuLwJjkCBWqRQUVA==",
							"dev": true
						}
					}
				}
			}
		},
		"livereload-js": {
			"version": "3.4.1",
			"resolved": "https://registry.npmjs.org/livereload-js/-/livereload-js-3.4.1.tgz",
			"integrity": "sha512-5MP0uUeVCec89ZbNOT/i97Mc+q3SxXmiUGhRFOTmhrGPn//uWVQdCvcLJDy64MSBR5MidFdOR7B9viumoavy6g==",
			"dev": true
		},
		"mime": {
			"version": "1.6.0",
			"resolved": "https://registry.npmjs.org/mime/-/mime-1.6.0.tgz",
			"integrity": "sha512-x0Vn8spI+wuJ1O6S7gnbaQg8Pxh4NNHb7KSINmEWKiPE4RKOplvijn+NkmYmmRgP68mc70j2EbeTFRsrswaQeg==",
			"dev": true,
			"optional": true
		},
		"mime-db": {
			"version": "1.52.0",
			"resolved": "https://registry.npmjs.org/mime-db/-/mime-db-1.52.0.tgz",
			"integrity": "sha512-sPU4uV7dYlvtWJxwwxHD0PuihVNiE7TyAbQ5SWxDCB9mUYvOgroQOwYQQOKPJ8CIbE+1ETVlOoK1UC2nU3gYvg==",
			"dev": true,
			"optional": true
		},
		"mime-types": {
			"version": "2.1.35",
			"resolved": "https://registry.npmjs.org/mime-types/-/mime-types-2.1.35.tgz",
			"integrity": "sha512-ZDY+bPm5zTTF+YpCrAU9nK0UgICYPT0QtT1NZWFv4s++TNkcgVaT0g6+4R2uI4MjQjzysHB1zxuWL50hzaeXiw==",
			"dev": true,
			"optional": true,
			"requires": {
				"mime-db": "1.52.0"
			}
		},
		"minimist": {
			"version": "1.2.7",
			"resolved": "https://registry.npmjs.org/minimist/-/minimist-1.2.7.tgz",
			"integrity": "sha512-bzfL1YUZsP41gmu/qjrEk0Q6i2ix/cVeAhbCbqH9u3zYutS1cLg00qhrD0M2MVdCcx4Sc0UpP2eBWo9rotpq6g==",
			"dev": true,
			"optional": true
		},
		"mkdirp": {
			"version": "0.5.6",
			"resolved": "https://registry.npmjs.org/mkdirp/-/mkdirp-0.5.6.tgz",
			"integrity": "sha512-FP+p8RB8OWpF3YZBCrP5gtADmtXApB5AMLn+vdyA+PyxCjrCs00mjyUozssO33cwDeT3wNGdLxJ5M//YqtHAJw==",
			"dev": true,
			"optional": true,
			"requires": {
				"minimist": "^1.2.6"
			}
		},
		"moment": {
			"version": "2.29.4",
			"resolved": "https://registry.npmjs.org/moment/-/moment-2.29.4.tgz",
			"integrity": "sha512-5LC9SOxjSc2HF6vO2CyuTDNivEdoz2IvyJJGj6X8DJ0eFyfszE0QiEd+iXmBvUP3WHxSjFH/vIsA0EN00cgr8w==",
			"dev": true
		},
		"normalize-path": {
			"version": "3.0.0",
			"resolved": "https://registry.npmjs.org/normalize-path/-/normalize-path-3.0.0.tgz",
			"integrity": "sha512-6eZs5Ls3WtCisHWp9S2GUy8dqkpGi4BVSz3GaqiE6ezub0512ESztXUwUB6C6IKbQkY2Pnb/mD4WYojCRwcwLA==",
			"dev": true
		},
		"normalize-range": {
			"version": "0.1.2",
			"resolved": "https://registry.npmjs.org/normalize-range/-/normalize-range-0.1.2.tgz",
			"integrity": "sha1-LRDAa9/TEuqXd2laTShDlFa3WUI=",
			"dev": true
		},
		"num2fraction": {
			"version": "1.2.2",
			"resolved": "https://registry.npmjs.org/num2fraction/-/num2fraction-1.2.2.tgz",
			"integrity": "sha1-b2gragJ6Tp3fpFZM0lidHU5mnt4=",
			"dev": true
		},
		"oauth-sign": {
			"version": "0.9.0",
			"resolved": "https://registry.npmjs.org/oauth-sign/-/oauth-sign-0.9.0.tgz",
			"integrity": "sha512-fexhUFFPTGV8ybAtSIGbV6gOkSv8UtRbDBnAyLQw4QPKkgNlsH2ByPGtMUqdWkos6YCRmAqViwgZrJc/mRDzZQ==",
			"dev": true,
			"optional": true
		},
		"opts": {
			"version": "2.0.2",
			"resolved": "https://registry.npmjs.org/opts/-/opts-2.0.2.tgz",
			"integrity": "sha512-k41FwbcLnlgnFh69f4qdUfvDQ+5vaSDnVPFI/y5XuhKRq97EnVVneO9F1ESVCdiVu4fCS2L8usX3mU331hB7pg==",
			"dev": true
		},
		"performance-now": {
			"version": "2.1.0",
			"resolved": "https://registry.npmjs.org/performance-now/-/performance-now-2.1.0.tgz",
			"integrity": "sha512-7EAHlyLHI56VEIdK57uwHdHKIaAGbnXPiw0yWbarQZOKaKpvUIgW0jWRVLiatnM+XXlSwsanIBH/hzGMJulMow==",
			"dev": true,
			"optional": true
		},
		"picomatch": {
			"version": "2.0.7",
			"resolved": "https://registry.npmjs.org/picomatch/-/picomatch-2.0.7.tgz",
			"integrity": "sha512-oLHIdio3tZ0qH76NybpeneBhYVj0QFTfXEFTc/B3zKQspYfYYkWYgFsmzo+4kvId/bQRcNkVeguI3y+CD22BtA==",
			"dev": true
		},
		"postcss": {
			"version": "5.2.18",
			"resolved": "https://registry.npmjs.org/postcss/-/postcss-5.2.18.tgz",
			"integrity": "sha512-zrUjRRe1bpXKsX1qAJNJjqZViErVuyEkMTRrwu4ud4sbTtIBRmtaYDrHmcGgmrbsW3MHfmtIf+vJumgQn+PrXg==",
			"dev": true,
			"requires": {
				"chalk": "^1.1.3",
				"js-base64": "^2.1.9",
				"source-map": "^0.5.6",
				"supports-color": "^3.2.3"
			},
			"dependencies": {
				"source-map": {
					"version": "0.5.7",
					"resolved": "https://registry.npmjs.org/source-map/-/source-map-0.5.7.tgz",
					"integrity": "sha1-igOdLRAh0i0eoUyA2OpGi6LvP8w=",
					"dev": true
				}
			}
		},
		"postcss-value-parser": {
			"version": "3.3.1",
			"resolved": "https://registry.npmjs.org/postcss-value-parser/-/postcss-value-parser-3.3.1.tgz",
			"integrity": "sha512-pISE66AbVkp4fDQ7VHBwRNXzAAKJjw4Vw7nWI/+Q3vuly7SNfgYXvm6i5IgFylHGK5sP/xHAbB7N49OS4gWNyQ==",
			"dev": true
		},
		"promise": {
			"version": "7.3.1",
			"resolved": "https://registry.npmjs.org/promise/-/promise-7.3.1.tgz",
			"integrity": "sha512-nolQXZ/4L+bP/UGlkfaIujX9BKxGwmQ9OT4mOt5yvy8iK1h3wqTEJCijzGANTCCl9nWjY41juyAn2K3Q1hLLTg==",
			"dev": true,
			"optional": true,
			"requires": {
				"asap": "~2.0.3"
			}
		},
		"prr": {
			"version": "1.0.1",
			"resolved": "https://registry.npmjs.org/prr/-/prr-1.0.1.tgz",
			"integrity": "sha512-yPw4Sng1gWghHQWj0B3ZggWUm4qVbPwPFcRG8KyxiU7J2OHFSoEHKS+EZ3fv5l1t9CyCiop6l/ZYeWbrgoQejw==",
			"dev": true,
			"optional": true
		},
		"psl": {
			"version": "1.9.0",
			"resolved": "https://registry.npmjs.org/psl/-/psl-1.9.0.tgz",
			"integrity": "sha512-E/ZsdU4HLs/68gYzgGTkMicWTLPdAftJLfJFlLUAAKZGkStNU72sZjT66SnMDVOfOWY/YAoiD7Jxa9iHvngcag==",
			"dev": true,
			"optional": true
		},
		"punycode": {
			"version": "2.1.1",
			"resolved": "https://registry.npmjs.org/punycode/-/punycode-2.1.1.tgz",
			"integrity": "sha512-XRsRjdf+j5ml+y/6GKHPZbrF/8p2Yga0JPtdqTIY2Xe5ohJPD9saDJJLPvp9+NSBprVvevdXZybnj2cv8OEd0A==",
			"dev": true,
			"optional": true
		},
		"qs": {
			"version": "6.5.3",
			"resolved": "https://registry.npmjs.org/qs/-/qs-6.5.3.tgz",
			"integrity": "sha512-qxXIEh4pCGfHICj1mAJQ2/2XVZkjCDTcEgfoSQxc/fYivUZxTkk7L3bDBJSoNrEzXI17oUO5Dp07ktqE5KzczA==",
			"dev": true,
			"optional": true
		},
		"readdirp": {
			"version": "3.1.2",
			"resolved": "https://registry.npmjs.org/readdirp/-/readdirp-3.1.2.tgz",
			"integrity": "sha512-8rhl0xs2cxfVsqzreYCvs8EwBfn/DhVdqtoLmw19uI3SC5avYX9teCurlErfpPXGmYtMHReGaP2RsLnFvz/lnw==",
			"dev": true,
			"requires": {
				"picomatch": "^2.0.4"
			}
		},
		"request": {
			"version": "2.88.2",
			"resolved": "https://registry.npmjs.org/request/-/request-2.88.2.tgz",
			"integrity": "sha512-MsvtOrfG9ZcrOwAW+Qi+F6HbD0CWXEh9ou77uOb7FM2WPhwT7smM833PzanhJLsgXjN89Ir6V2PczXNnMpwKhw==",
			"dev": true,
			"optional": true,
			"requires": {
				"aws-sign2": "~0.7.0",
				"aws4": "^1.8.0",
				"caseless": "~0.12.0",
				"combined-stream": "~1.0.6",
				"extend": "~3.0.2",
				"forever-agent": "~0.6.1",
				"form-data": "~2.3.2",
				"har-validator": "~5.1.3",
				"http-signature": "~1.2.0",
				"is-typedarray": "~1.0.0",
				"isstream": "~0.1.2",
				"json-stringify-safe": "~5.0.1",
				"mime-types": "~2.1.19",
				"oauth-sign": "~0.9.0",
				"performance-now": "^2.1.0",
				"qs": "~6.5.2",
				"safe-buffer": "^5.1.2",
				"tough-cookie": "~2.5.0",
				"tunnel-agent": "^0.6.0",
				"uuid": "^3.3.2"
			}
		},
		"safe-buffer": {
			"version": "5.2.1",
			"resolved": "https://registry.npmjs.org/safe-buffer/-/safe-buffer-5.2.1.tgz",
			"integrity": "sha512-rp3So07KcdmmKbGvgaNxQSJr7bGVSVk5S9Eq1F+ppbRo70+YeaDxkw5Dd8NPN+GD6bjnYm2VuPuCXmpuYvmCXQ==",
			"dev": true,
			"optional": true
		},
		"safer-buffer": {
			"version": "2.1.2",
			"resolved": "https://registry.npmjs.org/safer-buffer/-/safer-buffer-2.1.2.tgz",
			"integrity": "sha512-YZo3K82SD7Riyi0E1EQPojLz7kpepnSQI9IyPbHHg1XXXevb5dJI7tpyN2ADxGcQbHG7vcyRHk0cbwqcQriUtg==",
			"dev": true,
			"optional": true
		},
		"source-map": {
			"version": "0.6.1",
			"resolved": "https://registry.npmjs.org/source-map/-/source-map-0.6.1.tgz",
			"integrity": "sha512-UjgapumWlbMhkBgzT7Ykc5YXUT46F0iKu8SGXq0bcwP5dz/h0Plj6enJqjz1Zbq2l5WaqYnrVbwWOWMyF3F47g==",
			"dev": true,
			"optional": true
		},
		"sshpk": {
			"version": "1.17.0",
			"resolved": "https://registry.npmjs.org/sshpk/-/sshpk-1.17.0.tgz",
			"integrity": "sha512-/9HIEs1ZXGhSPE8X6Ccm7Nam1z8KcoCqPdI7ecm1N33EzAetWahvQWVqLZtaZQ+IDKX4IyA2o0gBzqIMkAagHQ==",
			"dev": true,
			"optional": true,
			"requires": {
				"asn1": "~0.2.3",
				"assert-plus": "^1.0.0",
				"bcrypt-pbkdf": "^1.0.0",
				"dashdash": "^1.12.0",
				"ecc-jsbn": "~0.1.1",
				"getpass": "^0.1.1",
				"jsbn": "~0.1.0",
				"safer-buffer": "^2.0.2",
				"tweetnacl": "~0.14.0"
			}
		},
		"strip-ansi": {
			"version": "3.0.1",
			"resolved": "https://registry.npmjs.org/strip-ansi/-/strip-ansi-3.0.1.tgz",
			"integrity": "sha1-ajhfuIU9lS1f8F0Oiq+UJ43GPc8=",
			"dev": true,
			"requires": {
				"ansi-regex": "^2.0.0"
			}
		},
		"supports-color": {
			"version": "3.2.3",
			"resolved": "https://registry.npmjs.org/supports-color/-/supports-color-3.2.3.tgz",
			"integrity": "sha1-ZawFBLOVQXHYpklGsq48u4pfVPY=",
			"dev": true,
			"requires": {
				"has-flag": "^1.0.0"
			}
		},
		"to-regex-range": {
			"version": "5.0.1",
			"resolved": "https://registry.npmjs.org/to-regex-range/-/to-regex-range-5.0.1.tgz",
			"integrity": "sha512-65P7iz6X5yEr1cwcgvQxbbIw7Uk3gOy5dIdtZ4rDveLqhrdJP+Li/Hx6tyK0NEb+2GCyneCMJiGqrADCSNk8sQ==",
			"dev": true,
			"requires": {
				"is-number": "^7.0.0"
			}
		},
		"tough-cookie": {
			"version": "2.5.0",
			"resolved": "https://registry.npmjs.org/tough-cookie/-/tough-cookie-2.5.0.tgz",
			"integrity": "sha512-nlLsUzgm1kfLXSXfRZMc1KLAugd4hqJHDTvc2hDIwS3mZAfMEuMbc03SujMF+GEcpaX/qboeycw6iO8JwVv2+g==",
			"dev": true,
			"optional": true,
			"requires": {
				"psl": "^1.1.28",
				"punycode": "^2.1.1"
			}
		},
		"tunnel-agent": {
			"version": "0.6.0",
			"resolved": "https://registry.npmjs.org/tunnel-agent/-/tunnel-agent-0.6.0.tgz",
			"integrity": "sha512-McnNiV1l8RYeY8tBgEpuodCC1mLUdbSN+CYBL7kJsJNInOP8UjDDEwdk6Mw60vdLLrr5NHKZhMAOSrR2NZuQ+w==",
			"dev": true,
			"optional": true,
			"requires": {
				"safe-buffer": "^5.0.1"
			}
		},
		"tweetnacl": {
			"version": "0.14.5",
			"resolved": "https://registry.npmjs.org/tweetnacl/-/tweetnacl-0.14.5.tgz",
			"integrity": "sha512-KXXFFdAbFXY4geFIwoyNK+f5Z1b7swfXABfL7HXCmoIWMKU3dmS26672A4EeQtDzLKy7SXmfBu51JolvEKwtGA==",
			"dev": true,
			"optional": true
		},
		"uglify-js": {
			"version": "3.17.3",
			"resolved": "https://registry.npmjs.org/uglify-js/-/uglify-js-3.17.3.tgz",
			"integrity": "sha512-JmMFDME3iufZnBpyKL+uS78LRiC+mK55zWfM5f/pWBJfpOttXAqYfdDGRukYhJuyRinvPVAtUhvy7rlDybNtFg==",
			"dev": true
		},
		"uri-js": {
			"version": "4.4.1",
			"resolved": "https://registry.npmjs.org/uri-js/-/uri-js-4.4.1.tgz",
			"integrity": "sha512-7rKUyy33Q1yc98pQ1DAmLtwX109F7TIfWlW1Ydo8Wl1ii1SeHieeh0HHfPeL2fMXK6z0s8ecKs9frCuLJvndBg==",
			"dev": true,
			"optional": true,
			"requires": {
				"punycode": "^2.1.0"
			}
		},
		"uuid": {
			"version": "3.4.0",
			"resolved": "https://registry.npmjs.org/uuid/-/uuid-3.4.0.tgz",
			"integrity": "sha512-HjSDRw6gZE5JMggctHBcjVak08+KEVhSIiDzFnT9S9aegmp85S/bReBVTb4QTFaRNptJ9kuYaNhnbNEOkbKb/A==",
			"dev": true,
			"optional": true
		},
		"verror": {
			"version": "1.10.0",
			"resolved": "https://registry.npmjs.org/verror/-/verror-1.10.0.tgz",
			"integrity": "sha512-ZZKSmDAEFOijERBLkmYfJ+vmk3w+7hOLYDNkRCuRuMJGEmqYNCNLyBBFwWKVMhfwaEF3WOd0Zlw86U/WC/+nYw==",
			"dev": true,
			"optional": true,
			"requires": {
				"assert-plus": "^1.0.0",
				"core-util-is": "1.0.2",
				"extsprintf": "^1.2.0"
			}
		},
		"ws": {
			"version": "7.5.9",
			"resolved": "https://registry.npmjs.org/ws/-/ws-7.5.9.tgz",
			"integrity": "sha512-F+P9Jil7UiSKSkppIiD94dN07AwvFixvLIj1Og1Rl9GGMuNipJnV9JzjD6XuqmAeiswGvUmNLjr5cFuXwNS77Q==",
			"dev": true
		}
	}
}
